
Microsoft Visual Studio Solution File, Format Version 12.00
# Visual Studio Version 16
VisualStudioVersion = 16.0.31005.135
MinimumVisualStudioVersion = 10.0.40219.1
Project("{8BC9CEB8-8B4A-11D0-8D11-00A0C91BC942}") = "xndir-9", "xndir-9\xndir-9.vcxproj", "{FAB081A0-5A04-45FA-92A3-1BE32A6682CB}"
EndProject
Global
	GlobalSection(SolutionConfigurationPlatforms) = preSolution
		Debug|x64 = Debug|x64
		Debug|x86 = Debug|x86
		Release|x64 = Release|x64
		Release|x86 = Release|x86
	EndGlobalSection
	GlobalSection(ProjectConfigurationPlatforms) = postSolution
		{FAB081A0-5A04-45FA-92A3-1BE32A6682CB}.Debug|x64.ActiveCfg = Debug|x64
		{FAB081A0-5A04-45FA-92A3-1BE32A6682CB}.Debug|x64.Build.0 = Debug|x64
		{FAB081A0-5A04-45FA-92A3-1BE32A6682CB}.Debug|x86.ActiveCfg = Debug|Win32
		{FAB081A0-5A04-45FA-92A3-1BE32A6682CB}.Debug|x86.Build.0 = Debug|Win32
		{FAB081A0-5A04-45FA-92A3-1BE32A6682CB}.Release|x64.ActiveCfg = Release|x64
		{FAB081A0-5A04-45FA-92A3-1BE32A6682CB}.Release|x64.Build.0 = Release|x64
		{FAB081A0-5A04-45FA-92A3-1BE32A6682CB}.Release|x86.ActiveCfg = Release|Win32
		{FAB081A0-5A04-45FA-92A3-1BE32A6682CB}.Release|x86.Build.0 = Release|Win32
	EndGlobalSection
	GlobalSection(SolutionProperties) = preSolution
		HideSolutionNode = FALSE
	EndGlobalSection
	GlobalSection(ExtensibilityGlobals) = postSolution
		SolutionGuid = {5DFA3885-2DD9-4A50-BCCC-48D58B24AB92}
	EndGlobalSection
EndGlobal
