
Microsoft Visual Studio Solution File, Format Version 12.00
# Visual Studio Version 16
VisualStudioVersion = 16.0.31105.61
MinimumVisualStudioVersion = 10.0.40219.1
Project("{8BC9CEB8-8B4A-11D0-8D11-00A0C91BC942}") = "xndir-31", "xndir-31\xndir-31.vcxproj", "{3319215E-0864-47C1-8BDF-D6A318B30420}"
EndProject
Global
	GlobalSection(SolutionConfigurationPlatforms) = preSolution
		Debug|x64 = Debug|x64
		Debug|x86 = Debug|x86
		Release|x64 = Release|x64
		Release|x86 = Release|x86
	EndGlobalSection
	GlobalSection(ProjectConfigurationPlatforms) = postSolution
		{3319215E-0864-47C1-8BDF-D6A318B30420}.Debug|x64.ActiveCfg = Debug|x64
		{3319215E-0864-47C1-8BDF-D6A318B30420}.Debug|x64.Build.0 = Debug|x64
		{3319215E-0864-47C1-8BDF-D6A318B30420}.Debug|x86.ActiveCfg = Debug|Win32
		{3319215E-0864-47C1-8BDF-D6A318B30420}.Debug|x86.Build.0 = Debug|Win32
		{3319215E-0864-47C1-8BDF-D6A318B30420}.Release|x64.ActiveCfg = Release|x64
		{3319215E-0864-47C1-8BDF-D6A318B30420}.Release|x64.Build.0 = Release|x64
		{3319215E-0864-47C1-8BDF-D6A318B30420}.Release|x86.ActiveCfg = Release|Win32
		{3319215E-0864-47C1-8BDF-D6A318B30420}.Release|x86.Build.0 = Release|Win32
	EndGlobalSection
	GlobalSection(SolutionProperties) = preSolution
		HideSolutionNode = FALSE
	EndGlobalSection
	GlobalSection(ExtensibilityGlobals) = postSolution
		SolutionGuid = {547E3F44-8777-4080-BAD9-19FCE3FFB096}
	EndGlobalSection
EndGlobal
