
Microsoft Visual Studio Solution File, Format Version 12.00
# Visual Studio Version 16
VisualStudioVersion = 16.0.31105.61
MinimumVisualStudioVersion = 10.0.40219.1
Project("{8BC9CEB8-8B4A-11D0-8D11-00A0C91BC942}") = "xndir-23", "xndir-23\xndir-23.vcxproj", "{217883E0-CDC8-4E27-9370-37B3288E22BE}"
EndProject
Global
	GlobalSection(SolutionConfigurationPlatforms) = preSolution
		Debug|x64 = Debug|x64
		Debug|x86 = Debug|x86
		Release|x64 = Release|x64
		Release|x86 = Release|x86
	EndGlobalSection
	GlobalSection(ProjectConfigurationPlatforms) = postSolution
		{217883E0-CDC8-4E27-9370-37B3288E22BE}.Debug|x64.ActiveCfg = Debug|x64
		{217883E0-CDC8-4E27-9370-37B3288E22BE}.Debug|x64.Build.0 = Debug|x64
		{217883E0-CDC8-4E27-9370-37B3288E22BE}.Debug|x86.ActiveCfg = Debug|Win32
		{217883E0-CDC8-4E27-9370-37B3288E22BE}.Debug|x86.Build.0 = Debug|Win32
		{217883E0-CDC8-4E27-9370-37B3288E22BE}.Release|x64.ActiveCfg = Release|x64
		{217883E0-CDC8-4E27-9370-37B3288E22BE}.Release|x64.Build.0 = Release|x64
		{217883E0-CDC8-4E27-9370-37B3288E22BE}.Release|x86.ActiveCfg = Release|Win32
		{217883E0-CDC8-4E27-9370-37B3288E22BE}.Release|x86.Build.0 = Release|Win32
	EndGlobalSection
	GlobalSection(SolutionProperties) = preSolution
		HideSolutionNode = FALSE
	EndGlobalSection
	GlobalSection(ExtensibilityGlobals) = postSolution
		SolutionGuid = {38CA0887-D65A-4170-95E5-65414F7AA006}
	EndGlobalSection
EndGlobal
