
Microsoft Visual Studio Solution File, Format Version 12.00
# Visual Studio Version 16
VisualStudioVersion = 16.0.31105.61
MinimumVisualStudioVersion = 10.0.40219.1
Project("{8BC9CEB8-8B4A-11D0-8D11-00A0C91BC942}") = "xndir-17", "xndir-17\xndir-17.vcxproj", "{7755EC7E-70A1-41DE-9536-CC43C3133B03}"
EndProject
Global
	GlobalSection(SolutionConfigurationPlatforms) = preSolution
		Debug|x64 = Debug|x64
		Debug|x86 = Debug|x86
		Release|x64 = Release|x64
		Release|x86 = Release|x86
	EndGlobalSection
	GlobalSection(ProjectConfigurationPlatforms) = postSolution
		{7755EC7E-70A1-41DE-9536-CC43C3133B03}.Debug|x64.ActiveCfg = Debug|x64
		{7755EC7E-70A1-41DE-9536-CC43C3133B03}.Debug|x64.Build.0 = Debug|x64
		{7755EC7E-70A1-41DE-9536-CC43C3133B03}.Debug|x86.ActiveCfg = Debug|Win32
		{7755EC7E-70A1-41DE-9536-CC43C3133B03}.Debug|x86.Build.0 = Debug|Win32
		{7755EC7E-70A1-41DE-9536-CC43C3133B03}.Release|x64.ActiveCfg = Release|x64
		{7755EC7E-70A1-41DE-9536-CC43C3133B03}.Release|x64.Build.0 = Release|x64
		{7755EC7E-70A1-41DE-9536-CC43C3133B03}.Release|x86.ActiveCfg = Release|Win32
		{7755EC7E-70A1-41DE-9536-CC43C3133B03}.Release|x86.Build.0 = Release|Win32
	EndGlobalSection
	GlobalSection(SolutionProperties) = preSolution
		HideSolutionNode = FALSE
	EndGlobalSection
	GlobalSection(ExtensibilityGlobals) = postSolution
		SolutionGuid = {89F47400-5A5F-4ACA-86DC-F9A68DA134A9}
	EndGlobalSection
EndGlobal
